// !$*UTF8*$!
{
	archiveVersion = 1;
	classes = {
	};
	objectVersion = 46;
	objects = {

/* Begin PBXBuildFile section */
		7118654F1EAEDA2800A555E4 /* main.m in Sources */ = {isa = PBXBuildFile; fileRef = 7118654E1EAEDA2800A555E4 /* main.m */; };
		711865521EAEDA2800A555E4 /* AppDelegate.m in Sources */ = {isa = PBXBuildFile; fileRef = 711865511EAEDA2800A555E4 /* AppDelegate.m */; };
		711865551EAEDA2800A555E4 /* ViewController.m in Sources */ = {isa = PBXBuildFile; fileRef = 711865541EAEDA2800A555E4 /* ViewController.m */; };
		711865581EAEDA2800A555E4 /* Main.storyboard in Resources */ = {isa = PBXBuildFile; fileRef = 711865561EAEDA2800A555E4 /* Main.storyboard */; };
		7118655A1EAEDA2800A555E4 /* Assets.xcassets in Resources */ = {isa = PBXBuildFile; fileRef = 711865591EAEDA2800A555E4 /* Assets.xcassets */; };
		7118655D1EAEDA2800A555E4 /* LaunchScreen.storyboard in Resources */ = {isa = PBXBuildFile; fileRef = 7118655B1EAEDA2800A555E4 /* LaunchScreen.storyboard */; };
/* End PBXBuildFile section */

/* Begin PBXFileReference section */
		7118654A1EAEDA2800A555E4 /* ZYMenuBox.app */ = {isa = PBXFileReference; explicitFileType = wrapper.application; includeInIndex = 0; path = ZYMenuBox.app; sourceTree = BUILT_PRODUCTS_DIR; };
		7118654E1EAEDA2800A555E4 /* main.m */ = {isa = PBXFileReference; lastKnownFileType = sourcecode.c.objc; path = main.m; sourceTree = "<group>"; };
		711865501EAEDA2800A555E4 /* AppDelegate.h */ = {isa = PBXFileReference; lastKnownFileType = sourcecode.c.h; path = AppDelegate.h; sourceTree = "<group>"; };
		711865511EAEDA2800A555E4 /* AppDelegate.m */ = {isa = PBXFileReference; lastKnownFileType = sourcecode.c.objc; path = AppDelegate.m; sourceTree = "<group>"; };
		711865531EAEDA2800A555E4 /* ViewController.h */ = {isa = PBXFileReference; lastKnownFileType = sourcecode.c.h; path = ViewController.h; sourceTree = "<group>"; };
		711865541EAEDA2800A555E4 /* ViewController.m */ = {isa = PBXFileReference; lastKnownFileType = sourcecode.c.objc; path = ViewController.m; sourceTree = "<group>"; };
		711865571EAEDA2800A555E4 /* Base */ = {isa = PBXFileReference; lastKnownFileType = file.storyboard; name = Base; path = Base.lproj/Main.storyboard; sourceTree = "<group>"; };
		711865591EAEDA2800A555E4 /* Assets.xcassets */ = {isa = PBXFileReference; lastKnownFileType = folder.assetcatalog; path = Assets.xcassets; sourceTree = "<group>"; };
		7118655C1EAEDA2800A555E4 /* Base */ = {isa = PBXFileReference; lastKnownFileType = file.storyboard; name = Base; path = Base.lproj/LaunchScreen.storyboard; sourceTree = "<group>"; };
		7118655E1EAEDA2800A555E4 /* Info.plist */ = {isa = PBXFileReference; lastKnownFileType = text.plist.xml; path = Info.plist; sourceTree = "<group>"; };
/* End PBXFileReference section */

/* Begin PBXFrameworksBuildPhase section */
		711865471EAEDA2800A555E4 /* Frameworks */ = {
			isa = PBXFrameworksBuildPhase;
			buildActionMask = 2147483647;
			files = (
			);
			runOnlyForDeploymentPostprocessing = 0;
		};
/* End PBXFrameworksBuildPhase section */

/* Begin PBXGroup section */
		711865411EAEDA2800A555E4 = {
			isa = PBXGroup;
			children = (
				7118654C1EAEDA2800A555E4 /* ZYMenuBox */,
				7118654B1EAEDA2800A555E4 /* Products */,
			);
			sourceTree = "<group>";
		};
		7118654B1EAEDA2800A555E4 /* Products */ = {
			isa = PBXGroup;
			children = (
				7118654A1EAEDA2800A555E4 /* ZYMenuBox.app */,
			);
			name = Products;
			sourceTree = "<group>";
		};
		7118654C1EAEDA2800A555E4 /* ZYMenuBox */ = {
			isa = PBXGroup;
			children = (
				711865501EAEDA2800A555E4 /* AppDelegate.h */,
				711865511EAEDA2800A555E4 /* AppDelegate.m */,
				711865531EAEDA2800A555E4 /* ViewController.h */,
				711865541EAEDA2800A555E4 /* ViewController.m */,
				711865561EAEDA2800A555E4 /* Main.storyboard */,
				711865591EAEDA2800A555E4 /* Assets.xcassets */,
				7118655B1EAEDA2800A555E4 /* LaunchScreen.storyboard */,
				7118655E1EAEDA2800A555E4 /* Info.plist */,
				7118654D1EAEDA2800A555E4 /* Supporting Files */,
			);
			path = ZYMenuBox;
			sourceTree = "<group>";
		};
		7118654D1EAEDA2800A555E4 /* Supporting Files */ = {
			isa = PBXGroup;
			children = (
				7118654E1EAEDA2800A555E4 /* main.m */,
			);
			name = "Supporting Files";
			sourceTree = "<group>";
		};
/* End PBXGroup section */

/* Begin PBXNativeTarget section */
		711865491EAEDA2800A555E4 /* ZYMenuBox */ = {
			isa = PBXNativeTarget;
			buildConfigurationList = 711865611EAEDA2800A555E4 /* Build configuration list for PBXNativeTarget "ZYMenuBox" */;
			buildPhases = (
				711865461EAEDA2800A555E4 /* Sources */,
				711865471EAEDA2800A555E4 /* Frameworks */,
				711865481EAEDA2800A555E4 /* Resources */,
			);
			buildRules = (
			);
			dependencies = (
			);
			name = ZYMenuBox;
			productName = ZYMenuBox;
			productReference = 7118654A1EAEDA2800A555E4 /* ZYMenuBox.app */;
			productType = "com.apple.product-type.application";
		};
/* End PBXNativeTarget section */

/* Begin PBXProject section */
		711865421EAEDA2800A555E4 /* Project object */ = {
			isa = PBXProject;
			attributes = {
				LastUpgradeCheck = 0830;
				ORGANIZATIONNAME = centanet;
				TargetAttributes = {
					711865491EAEDA2800A555E4 = {
						CreatedOnToolsVersion = 8.3.1;
						DevelopmentTeam = Y2TKYWJ5ZW;
						ProvisioningStyle = Automatic;
					};
				};
			};
			buildConfigurationList = 711865451EAEDA2800A555E4 /* Build configuration list for PBXProject "ZYMenuBox" */;
			compatibilityVersion = "Xcode 3.2";
			developmentRegion = English;
			hasScannedForEncodings = 0;
			knownRegions = (
				en,
				Base,
			);
			mainGroup = 711865411EAEDA2800A555E4;
			productRefGroup = 7118654B1EAEDA2800A555E4 /* Products */;
			projectDirPath = "";
			projectRoot = "";
			targets = (
				711865491EAEDA2800A555E4 /* ZYMenuBox */,
			);
		};
/* End PBXProject section */

/* Begin PBXResourcesBuildPhase section */
		711865481EAEDA2800A555E4 /* Resources */ = {
			isa = PBXResourcesBuildPhase;
			buildActionMask = 2147483647;
			files = (
				7118655D1EAEDA2800A555E4 /* LaunchScreen.storyboard in Resources */,
				7118655A1EAEDA2800A555E4 /* Assets.xcassets in Resources */,
				711865581EAEDA2800A555E4 /* Main.storyboard in Resources */,
			);
			runOnlyForDeploymentPostprocessing = 0;
		};
/* End PBXResourcesBuildPhase section */

/* Begin PBXSourcesBuildPhase section */
		711865461EAEDA2800A555E4 /* Sources */ = {
			isa = PBXSourcesBuildPhase;
			buildActionMask = 2147483647;
			files = (
				711865551EAEDA2800A555E4 /* ViewController.m in Sources */,
				711865521EAEDA2800A555E4 /* AppDelegate.m in Sources */,
				7118654F1EAEDA2800A555E4 /* main.m in Sources */,
			);
			runOnlyForDeploymentPostprocessing = 0;
		};
/* End PBXSourcesBuildPhase section */

/* Begin PBXVariantGroup section */
		711865561EAEDA2800A555E4 /* Main.storyboard */ = {
			isa = PBXVariantGroup;
			children = (
				711865571EAEDA2800A555E4 /* Base */,
			);
			name = Main.storyboard;
			sourceTree = "<group>";
		};
		7118655B1EAEDA2800A555E4 /* LaunchScreen.storyboard */ = {
			isa = PBXVariantGroup;
			children = (
				7118655C1EAEDA2800A555E4 /* Base */,
			);
			name = LaunchScreen.storyboard;
			sourceTree = "<group>";
		};
/* End PBXVariantGroup section */

/* Begin XCBuildConfiguration section */
		7118655F1EAEDA2800A555E4 /* Debug */ = {
			isa = XCBuildConfiguration;
			buildSettings = {
				ALWAYS_SEARCH_USER_PATHS = NO;
				CLANG_ANALYZER_NONNULL = YES;
				CLANG_ANALYZER_NUMBER_OBJECT_CONVERSION = YES_AGGRESSIVE;
				CLANG_CXX_LANGUAGE_STANDARD = "gnu++0x";
				CLANG_CXX_LIBRARY = "libc++";
				CLANG_ENABLE_MODULES = YES;
				CLANG_ENABLE_OBJC_ARC = YES;
				CLANG_WARN_BOOL_CONVERSION = YES;
				CLANG_WARN_CONSTANT_CONVERSION = YES;
				CLANG_WARN_DIRECT_OBJC_ISA_USAGE = YES_ERROR;
				CLANG_WARN_DOCUMENTATION_COMMENTS = YES;
				CLANG_WARN_EMPTY_BODY = YES;
				CLANG_WARN_ENUM_CONVERSION = YES;
				CLANG_WARN_INFINITE_RECURSION = YES;
				CLANG_WARN_INT_CONVERSION = YES;
				CLANG_WARN_OBJC_ROOT_CLASS = YES_ERROR;
				CLANG_WARN_SUSPICIOUS_MOVE = YES;
				CLANG_WARN_UNREACHABLE_CODE = YES;
				CLANG_WARN__DUPLICATE_METHOD_MATCH = YES;
				"CODE_SIGN_IDENTITY[sdk=iphoneos*]" = "iPhone Developer";
				COPY_PHASE_STRIP = NO;
				DEBUG_INFORMATION_FORMAT = dwarf;
				ENABLE_STRICT_OBJC_MSGSEND = YES;
				ENABLE_TESTABILITY = YES;
				GCC_C_LANGUAGE_STANDARD = gnu99;
				GCC_DYNAMIC_NO_PIC = NO;
				GCC_NO_COMMON_BLOCKS = YES;
				GCC_OPTIMIZATION_LEVEL = 0;
				GCC_PREPROCESSOR_DEFINITIONS = (
					"DEBUG=1",
					"$(inherited)",
				);
				GCC_WARN_64_TO_32_BIT_CONVERSION = YES;
				GCC_WARN_ABOUT_RETURN_TYPE = YES_ERROR;
				GCC_WARN_UNDECLARED_SELECTOR = YES;
				GCC_WARN_UNINITIALIZED_AUTOS = YES_AGGRESSIVE;
				GCC_WARN_UNUSED_FUNCTION = YES;
				GCC_WARN_UNUSED_VARIABLE = YES;
				IPHONEOS_DEPLOYMENT_TARGET = 10.3;
				MTL_ENABLE_DEBUG_INFO = YES;
				ONLY_ACTIVE_ARCH = YES;
				SDKROOT = iphoneos;
			};
			name = Debug;
		};
		711865601EAEDA2800A555E4 /* Release */ = {
			isa = XCBuildConfiguration;
			buildSettings = {
				ALWAYS_SEARCH_USER_PATHS = NO;
				CLANG_ANALYZER_NONNULL = YES;
				CLANG_ANALYZER_NUMBER_OBJECT_CONVERSION = YES_AGGRESSIVE;
				CLANG_CXX_LANGUAGE_STANDARD = "gnu++0x";
				CLANG_CXX_LIBRARY = "libc++";
				CLANG_ENABLE_MODULES = YES;
				CLANG_ENABLE_OBJC_ARC = YES;
				CLANG_WARN_BOOL_CONVERSION = YES;
				CLANG_WARN_CONSTANT_CONVERSION = YES;
				CLANG_WARN_DIRECT_OBJC_ISA_USAGE = YES_ERROR;
				CLANG_WARN_DOCUMENTATION_COMMENTS = YES;
				CLANG_WARN_EMPTY_BODY = YES;
				CLANG_WARN_ENUM_CONVERSION = YES;
				CLANG_WARN_INFINITE_RECURSION = YES;
				CLANG_WARN_INT_CONVERSION = YES;
				CLANG_WARN_OBJC_ROOT_CLASS = YES_ERROR;
				CLANG_WARN_SUSPICIOUS_MOVE = YES;
				CLANG_WARN_UNREACHABLE_CODE = YES;
				CLANG_WARN__DUPLICATE_METHOD_MATCH = YES;
				"CODE_SIGN_IDENTITY[sdk=iphoneos*]" = "iPhone Developer";
				COPY_PHASE_STRIP = NO;
				DEBUG_INFORMATION_FORMAT = "dwarf-with-dsym";
				ENABLE_NS_ASSERTIONS = NO;
				ENABLE_STRICT_OBJC_MSGSEND = YES;
				GCC_C_LANGUAGE_STANDARD = gnu99;
				GCC_NO_COMMON_BLOCKS = YES;
				GCC_WARN_64_TO_32_BIT_CONVERSION = YES;
				GCC_WARN_ABOUT_RETURN_TYPE = YES_ERROR;
				GCC_WARN_UNDECLARED_SELECTOR = YES;
				GCC_WARN_UNINITIALIZED_AUTOS = YES_AGGRESSIVE;
				GCC_WARN_UNUSED_FUNCTION = YES;
				GCC_WARN_UNUSED_VARIABLE = YES;
				IPHONEOS_DEPLOYMENT_TARGET = 10.3;
				MTL_ENABLE_DEBUG_INFO = NO;
				SDKROOT = iphoneos;
				VALIDATE_PRODUCT = YES;
			};
			name = Release;
		};
		711865621EAEDA2800A555E4 /* Debug */ = {
			isa = XCBuildConfiguration;
			buildSettings = {
				ASSETCATALOG_COMPILER_APPICON_NAME = AppIcon;
				DEVELOPMENT_TEAM = Y2TKYWJ5ZW;
				INFOPLIST_FILE = ZYMenuBox/Info.plist;
				LD_RUNPATH_SEARCH_PATHS = "$(inherited) @executable_path/Frameworks";
				PRODUCT_BUNDLE_IDENTIFIER = com.ZYMenuBox;
				PRODUCT_NAME = "$(TARGET_NAME)";
			};
			name = Debug;
		};
		711865631EAEDA2800A555E4 /* Release */ = {
			isa = XCBuildConfiguration;
			buildSettings = {
				ASSETCATALOG_COMPILER_APPICON_NAME = AppIcon;
				DEVELOPMENT_TEAM = Y2TKYWJ5ZW;
				INFOPLIST_FILE = ZYMenuBox/Info.plist;
				LD_RUNPATH_SEARCH_PATHS = "$(inherited) @executable_path/Frameworks";
				PRODUCT_BUNDLE_IDENTIFIER = com.ZYMenuBox;
				PRODUCT_NAME = "$(TARGET_NAME)";
			};
			name = Release;
		};
/* End XCBuildConfiguration section */

/* Begin XCConfigurationList section */
		711865451EAEDA2800A555E4 /* Build configuration list for PBXProject "ZYMenuBox" */ = {
			isa = XCConfigurationList;
			buildConfigurations = (
				7118655F1EAEDA2800A555E4 /* Debug */,
				711865601EAEDA2800A555E4 /* Release */,
			);
			defaultConfigurationIsVisible = 0;
			defaultConfigurationName = Release;
		};
		711865611EAEDA2800A555E4 /* Build configuration list for PBXNativeTarget "ZYMenuBox" */ = {
			isa = XCConfigurationList;
			buildConfigurations = (
				711865621EAEDA2800A555E4 /* Debug */,
				711865631EAEDA2800A555E4 /* Release */,
			);
			defaultConfigurationIsVisible = 0;
		};
/* End XCConfigurationList section */
	};
	rootObject = 711865421EAEDA2800A555E4 /* Project object */;
}
