// !$*UTF8*$!
{
	archiveVersion = 1;
	classes = {
	};
	objectVersion = 46;
	objects = {

/* Begin PBXBuildFile section */
		7118654F1EAEDA2800A555E4 /* main.m in Sources */ = {isa = PBXBuildFile; fileRef = 7118654E1EAEDA2800A555E4 /* main.m */; };
		711865521EAEDA2800A555E4 /* AppDelegate.m in Sources */ = {isa = PBXBuildFile; fileRef = 711865511EAEDA2800A555E4 /* AppDelegate.m */; };
		711865551EAEDA2800A555E4 /* ViewController.m in Sources */ = {isa = PBXBuildFile; fileRef = 711865541EAEDA2800A555E4 /* ViewController.m */; };
		711865581EAEDA2800A555E4 /* Main.storyboard in Resources */ = {isa = PBXBuildFile; fileRef = 711865561EAEDA2800A555E4 /* Main.storyboard */; };
		7118655A1EAEDA2800A555E4 /* Assets.xcassets in Resources */ = {isa = PBXBuildFile; fileRef = 711865591EAEDA2800A555E4 /* Assets.xcassets */; };
		7118655D1EAEDA2800A555E4 /* LaunchScreen.storyboard in Resources */ = {isa = PBXBuildFile; fileRef = 7118655B1EAEDA2800A555E4 /* LaunchScreen.storyboard */; };
		711865CC1EAEFF2700A555E4 /* pulldown@2x.png in Resources */ = {isa = PBXBuildFile; fileRef = 711865C81EAEFF2700A555E4 /* pulldown@2x.png */; };
		711865CD1EAEFF2700A555E4 /* pulldown@3x.png in Resources */ = {isa = PBXBuildFile; fileRef = 711865C91EAEFF2700A555E4 /* pulldown@3x.png */; };
		711865CE1EAEFF2700A555E4 /* pullup@2x.png in Resources */ = {isa = PBXBuildFile; fileRef = 711865CA1EAEFF2700A555E4 /* pullup@2x.png */; };
		711865CF1EAEFF2700A555E4 /* pullup@3x.png in Resources */ = {isa = PBXBuildFile; fileRef = 711865CB1EAEFF2700A555E4 /* pullup@3x.png */; };
		711865D31EAF12FC00A555E4 /* UIColor+ZYMenuExtension.m in Sources */ = {isa = PBXBuildFile; fileRef = 711865D21EAF12FC00A555E4 /* UIColor+ZYMenuExtension.m */; };
		711865D61EAF133800A555E4 /* UIView+ZYMenuExtension.m in Sources */ = {isa = PBXBuildFile; fileRef = 711865D51EAF133800A555E4 /* UIView+ZYMenuExtension.m */; };
		711865E01EAF3D9800A555E4 /* ZYItem.m in Sources */ = {isa = PBXBuildFile; fileRef = 711865DD1EAF3D9800A555E4 /* ZYItem.m */; };
		711865E71EAF4CC300A555E4 /* ZYLayout.m in Sources */ = {isa = PBXBuildFile; fileRef = 711865E61EAF4CC300A555E4 /* ZYLayout.m */; };
		711865EA1EAF4D7F00A555E4 /* ZYAlternativeItem.m in Sources */ = {isa = PBXBuildFile; fileRef = 711865E91EAF4D7F00A555E4 /* ZYAlternativeItem.m */; };
		711865F01EAF4E2D00A555E4 /* ZYCombinationItem.m in Sources */ = {isa = PBXBuildFile; fileRef = 711865EF1EAF4E2D00A555E4 /* ZYCombinationItem.m */; };
		711865F41EAF50EE00A555E4 /* ZYSelectedPath.m in Sources */ = {isa = PBXBuildFile; fileRef = 711865F31EAF50EE00A555E4 /* ZYSelectedPath.m */; };
		711865F71EAF51E200A555E4 /* ZYSingleItem.m in Sources */ = {isa = PBXBuildFile; fileRef = 711865F61EAF51E200A555E4 /* ZYSingleItem.m */; };
		711865FF1EAF601300A555E4 /* ZYDropDownView.m in Sources */ = {isa = PBXBuildFile; fileRef = 711865FC1EAF601300A555E4 /* ZYDropDownView.m */; };
		711866001EAF601300A555E4 /* ZYMenuView.m in Sources */ = {isa = PBXBuildFile; fileRef = 711865FE1EAF601300A555E4 /* ZYMenuView.m */; };
		711866081EAF618500A555E4 /* ZYBasePopupView.m in Sources */ = {isa = PBXBuildFile; fileRef = 711866071EAF618500A555E4 /* ZYBasePopupView.m */; };
		7118660B1EAF63B800A555E4 /* ZYSingleFitlerView.m in Sources */ = {isa = PBXBuildFile; fileRef = 7118660A1EAF63B800A555E4 /* ZYSingleFitlerView.m */; };
		711866111EAF63E700A555E4 /* ZYCombinationFitlerView.m in Sources */ = {isa = PBXBuildFile; fileRef = 711866101EAF63E700A555E4 /* ZYCombinationFitlerView.m */; };
		7140808F1EB08B3E00080F73 /* area.plist in Resources */ = {isa = PBXBuildFile; fileRef = 7140808D1EB08B3E00080F73 /* area.plist */; };
		714080901EB08B3E00080F73 /* city.plist in Resources */ = {isa = PBXBuildFile; fileRef = 7140808E1EB08B3E00080F73 /* city.plist */; };
		715E7E2B1EB310E100A5E247 /* ZYMenuResultView.m in Sources */ = {isa = PBXBuildFile; fileRef = 715E7E2A1EB310E100A5E247 /* ZYMenuResultView.m */; };
		716559DD1EB2D01700A1DCCE /* ZYCombTextFieldCell.m in Sources */ = {isa = PBXBuildFile; fileRef = 716559DC1EB2D01700A1DCCE /* ZYCombTextFieldCell.m */; };
		716B26561EB02BDF003D3B8D /* ZYMultiItem.m in Sources */ = {isa = PBXBuildFile; fileRef = 716B26551EB02BDF003D3B8D /* ZYMultiItem.m */; };
		716B26621EB050CE003D3B8D /* ZYMenuDataSouce.m in Sources */ = {isa = PBXBuildFile; fileRef = 716B26611EB050CE003D3B8D /* ZYMenuDataSouce.m */; };
		7187CFB81EB0A94F001A8332 /* ZYNormalCell.m in Sources */ = {isa = PBXBuildFile; fileRef = 7187CFB51EB0A94F001A8332 /* ZYNormalCell.m */; };
		7187CFBB1EB0AE5E001A8332 /* ZYMultiFitlerView.m in Sources */ = {isa = PBXBuildFile; fileRef = 7187CFBA1EB0AE5E001A8332 /* ZYMultiFitlerView.m */; };
		7187CFBE1EB0B04F001A8332 /* ZYMenuLeftCell.m in Sources */ = {isa = PBXBuildFile; fileRef = 7187CFBD1EB0B04F001A8332 /* ZYMenuLeftCell.m */; };
		71A187A21EB1C0B2001096BE /* ZYMenuHeaderView.m in Sources */ = {isa = PBXBuildFile; fileRef = 71A187A11EB1C0B2001096BE /* ZYMenuHeaderView.m */; };
		71A187A51EB1C512001096BE /* ZYCombinationCell.m in Sources */ = {isa = PBXBuildFile; fileRef = 71A187A41EB1C512001096BE /* ZYCombinationCell.m */; };
/* End PBXBuildFile section */

/* Begin PBXFileReference section */
		7118654A1EAEDA2800A555E4 /* ZYMenuBox.app */ = {isa = PBXFileReference; explicitFileType = wrapper.application; includeInIndex = 0; path = ZYMenuBox.app; sourceTree = BUILT_PRODUCTS_DIR; };
		7118654E1EAEDA2800A555E4 /* main.m */ = {isa = PBXFileReference; lastKnownFileType = sourcecode.c.objc; path = main.m; sourceTree = "<group>"; };
		711865501EAEDA2800A555E4 /* AppDelegate.h */ = {isa = PBXFileReference; lastKnownFileType = sourcecode.c.h; path = AppDelegate.h; sourceTree = "<group>"; };
		711865511EAEDA2800A555E4 /* AppDelegate.m */ = {isa = PBXFileReference; lastKnownFileType = sourcecode.c.objc; path = AppDelegate.m; sourceTree = "<group>"; };
		711865531EAEDA2800A555E4 /* ViewController.h */ = {isa = PBXFileReference; lastKnownFileType = sourcecode.c.h; path = ViewController.h; sourceTree = "<group>"; };
		711865541EAEDA2800A555E4 /* ViewController.m */ = {isa = PBXFileReference; lastKnownFileType = sourcecode.c.objc; path = ViewController.m; sourceTree = "<group>"; };
		711865571EAEDA2800A555E4 /* Base */ = {isa = PBXFileReference; lastKnownFileType = file.storyboard; name = Base; path = Base.lproj/Main.storyboard; sourceTree = "<group>"; };
		711865591EAEDA2800A555E4 /* Assets.xcassets */ = {isa = PBXFileReference; lastKnownFileType = folder.assetcatalog; path = Assets.xcassets; sourceTree = "<group>"; };
		7118655C1EAEDA2800A555E4 /* Base */ = {isa = PBXFileReference; lastKnownFileType = file.storyboard; name = Base; path = Base.lproj/LaunchScreen.storyboard; sourceTree = "<group>"; };
		7118655E1EAEDA2800A555E4 /* Info.plist */ = {isa = PBXFileReference; lastKnownFileType = text.plist.xml; path = Info.plist; sourceTree = "<group>"; };
		711865691EAEDB7C00A555E4 /* ZYMenuHeader.h */ = {isa = PBXFileReference; lastKnownFileType = sourcecode.c.h; path = ZYMenuHeader.h; sourceTree = "<group>"; };
		7118656A1EAEDB8D00A555E4 /* ZYMenuBox.h */ = {isa = PBXFileReference; lastKnownFileType = sourcecode.c.h; path = ZYMenuBox.h; sourceTree = "<group>"; };
		711865C81EAEFF2700A555E4 /* pulldown@2x.png */ = {isa = PBXFileReference; lastKnownFileType = image.png; path = "pulldown@2x.png"; sourceTree = "<group>"; };
		711865C91EAEFF2700A555E4 /* pulldown@3x.png */ = {isa = PBXFileReference; lastKnownFileType = image.png; path = "pulldown@3x.png"; sourceTree = "<group>"; };
		711865CA1EAEFF2700A555E4 /* pullup@2x.png */ = {isa = PBXFileReference; lastKnownFileType = image.png; path = "pullup@2x.png"; sourceTree = "<group>"; };
		711865CB1EAEFF2700A555E4 /* pullup@3x.png */ = {isa = PBXFileReference; lastKnownFileType = image.png; path = "pullup@3x.png"; sourceTree = "<group>"; };
		711865D11EAF12FC00A555E4 /* UIColor+ZYMenuExtension.h */ = {isa = PBXFileReference; fileEncoding = 4; lastKnownFileType = sourcecode.c.h; path = "UIColor+ZYMenuExtension.h"; sourceTree = "<group>"; };
		711865D21EAF12FC00A555E4 /* UIColor+ZYMenuExtension.m */ = {isa = PBXFileReference; fileEncoding = 4; lastKnownFileType = sourcecode.c.objc; path = "UIColor+ZYMenuExtension.m"; sourceTree = "<group>"; };
		711865D41EAF133800A555E4 /* UIView+ZYMenuExtension.h */ = {isa = PBXFileReference; fileEncoding = 4; lastKnownFileType = sourcecode.c.h; path = "UIView+ZYMenuExtension.h"; sourceTree = "<group>"; };
		711865D51EAF133800A555E4 /* UIView+ZYMenuExtension.m */ = {isa = PBXFileReference; fileEncoding = 4; lastKnownFileType = sourcecode.c.objc; path = "UIView+ZYMenuExtension.m"; sourceTree = "<group>"; };
		711865DC1EAF3D9800A555E4 /* ZYItem.h */ = {isa = PBXFileReference; fileEncoding = 4; lastKnownFileType = sourcecode.c.h; path = ZYItem.h; sourceTree = "<group>"; };
		711865DD1EAF3D9800A555E4 /* ZYItem.m */ = {isa = PBXFileReference; fileEncoding = 4; lastKnownFileType = sourcecode.c.objc; path = ZYItem.m; sourceTree = "<group>"; };
		711865E51EAF4CC300A555E4 /* ZYLayout.h */ = {isa = PBXFileReference; fileEncoding = 4; lastKnownFileType = sourcecode.c.h; path = ZYLayout.h; sourceTree = "<group>"; };
		711865E61EAF4CC300A555E4 /* ZYLayout.m */ = {isa = PBXFileReference; fileEncoding = 4; lastKnownFileType = sourcecode.c.objc; path = ZYLayout.m; sourceTree = "<group>"; };
		711865E81EAF4D7F00A555E4 /* ZYAlternativeItem.h */ = {isa = PBXFileReference; fileEncoding = 4; lastKnownFileType = sourcecode.c.h; path = ZYAlternativeItem.h; sourceTree = "<group>"; };
		711865E91EAF4D7F00A555E4 /* ZYAlternativeItem.m */ = {isa = PBXFileReference; fileEncoding = 4; lastKnownFileType = sourcecode.c.objc; path = ZYAlternativeItem.m; sourceTree = "<group>"; };
		711865EE1EAF4E2D00A555E4 /* ZYCombinationItem.h */ = {isa = PBXFileReference; fileEncoding = 4; lastKnownFileType = sourcecode.c.h; path = ZYCombinationItem.h; sourceTree = "<group>"; };
		711865EF1EAF4E2D00A555E4 /* ZYCombinationItem.m */ = {isa = PBXFileReference; fileEncoding = 4; lastKnownFileType = sourcecode.c.objc; path = ZYCombinationItem.m; sourceTree = "<group>"; };
		711865F21EAF50EE00A555E4 /* ZYSelectedPath.h */ = {isa = PBXFileReference; fileEncoding = 4; lastKnownFileType = sourcecode.c.h; path = ZYSelectedPath.h; sourceTree = "<group>"; };
		711865F31EAF50EE00A555E4 /* ZYSelectedPath.m */ = {isa = PBXFileReference; fileEncoding = 4; lastKnownFileType = sourcecode.c.objc; path = ZYSelectedPath.m; sourceTree = "<group>"; };
		711865F51EAF51E200A555E4 /* ZYSingleItem.h */ = {isa = PBXFileReference; fileEncoding = 4; lastKnownFileType = sourcecode.c.h; path = ZYSingleItem.h; sourceTree = "<group>"; };
		711865F61EAF51E200A555E4 /* ZYSingleItem.m */ = {isa = PBXFileReference; fileEncoding = 4; lastKnownFileType = sourcecode.c.objc; path = ZYSingleItem.m; sourceTree = "<group>"; };
		711865FB1EAF601300A555E4 /* ZYDropDownView.h */ = {isa = PBXFileReference; fileEncoding = 4; lastKnownFileType = sourcecode.c.h; path = ZYDropDownView.h; sourceTree = "<group>"; };
		711865FC1EAF601300A555E4 /* ZYDropDownView.m */ = {isa = PBXFileReference; fileEncoding = 4; lastKnownFileType = sourcecode.c.objc; path = ZYDropDownView.m; sourceTree = "<group>"; };
		711865FD1EAF601300A555E4 /* ZYMenuView.h */ = {isa = PBXFileReference; fileEncoding = 4; lastKnownFileType = sourcecode.c.h; path = ZYMenuView.h; sourceTree = "<group>"; };
		711865FE1EAF601300A555E4 /* ZYMenuView.m */ = {isa = PBXFileReference; fileEncoding = 4; lastKnownFileType = sourcecode.c.objc; path = ZYMenuView.m; sourceTree = "<group>"; };
		711866061EAF618500A555E4 /* ZYBasePopupView.h */ = {isa = PBXFileReference; fileEncoding = 4; lastKnownFileType = sourcecode.c.h; path = ZYBasePopupView.h; sourceTree = "<group>"; };
		711866071EAF618500A555E4 /* ZYBasePopupView.m */ = {isa = PBXFileReference; fileEncoding = 4; lastKnownFileType = sourcecode.c.objc; path = ZYBasePopupView.m; sourceTree = "<group>"; };
		711866091EAF63B800A555E4 /* ZYSingleFitlerView.h */ = {isa = PBXFileReference; fileEncoding = 4; lastKnownFileType = sourcecode.c.h; path = ZYSingleFitlerView.h; sourceTree = "<group>"; };
		7118660A1EAF63B800A555E4 /* ZYSingleFitlerView.m */ = {isa = PBXFileReference; fileEncoding = 4; lastKnownFileType = sourcecode.c.objc; path = ZYSingleFitlerView.m; sourceTree = "<group>"; };
		7118660F1EAF63E700A555E4 /* ZYCombinationFitlerView.h */ = {isa = PBXFileReference; fileEncoding = 4; lastKnownFileType = sourcecode.c.h; path = ZYCombinationFitlerView.h; sourceTree = "<group>"; };
		711866101EAF63E700A555E4 /* ZYCombinationFitlerView.m */ = {isa = PBXFileReference; fileEncoding = 4; lastKnownFileType = sourcecode.c.objc; path = ZYCombinationFitlerView.m; sourceTree = "<group>"; };
		7140808D1EB08B3E00080F73 /* area.plist */ = {isa = PBXFileReference; fileEncoding = 4; lastKnownFileType = text.plist.xml; path = area.plist; sourceTree = "<group>"; };
		7140808E1EB08B3E00080F73 /* city.plist */ = {isa = PBXFileReference; fileEncoding = 4; lastKnownFileType = text.plist.xml; path = city.plist; sourceTree = "<group>"; };
		715E7E291EB310E100A5E247 /* ZYMenuResultView.h */ = {isa = PBXFileReference; fileEncoding = 4; lastKnownFileType = sourcecode.c.h; path = ZYMenuResultView.h; sourceTree = "<group>"; };
		715E7E2A1EB310E100A5E247 /* ZYMenuResultView.m */ = {isa = PBXFileReference; fileEncoding = 4; lastKnownFileType = sourcecode.c.objc; path = ZYMenuResultView.m; sourceTree = "<group>"; };
		716559DB1EB2D01700A1DCCE /* ZYCombTextFieldCell.h */ = {isa = PBXFileReference; fileEncoding = 4; lastKnownFileType = sourcecode.c.h; path = ZYCombTextFieldCell.h; sourceTree = "<group>"; };
		716559DC1EB2D01700A1DCCE /* ZYCombTextFieldCell.m */ = {isa = PBXFileReference; fileEncoding = 4; lastKnownFileType = sourcecode.c.objc; path = ZYCombTextFieldCell.m; sourceTree = "<group>"; };
		716B26541EB02BDF003D3B8D /* ZYMultiItem.h */ = {isa = PBXFileReference; fileEncoding = 4; lastKnownFileType = sourcecode.c.h; path = ZYMultiItem.h; sourceTree = "<group>"; };
		716B26551EB02BDF003D3B8D /* ZYMultiItem.m */ = {isa = PBXFileReference; fileEncoding = 4; lastKnownFileType = sourcecode.c.objc; path = ZYMultiItem.m; sourceTree = "<group>"; };
		716B26601EB050CE003D3B8D /* ZYMenuDataSouce.h */ = {isa = PBXFileReference; fileEncoding = 4; lastKnownFileType = sourcecode.c.h; path = ZYMenuDataSouce.h; sourceTree = "<group>"; };
		716B26611EB050CE003D3B8D /* ZYMenuDataSouce.m */ = {isa = PBXFileReference; fileEncoding = 4; lastKnownFileType = sourcecode.c.objc; path = ZYMenuDataSouce.m; sourceTree = "<group>"; };
		7187CFB41EB0A94F001A8332 /* ZYNormalCell.h */ = {isa = PBXFileReference; fileEncoding = 4; lastKnownFileType = sourcecode.c.h; path = ZYNormalCell.h; sourceTree = "<group>"; };
		7187CFB51EB0A94F001A8332 /* ZYNormalCell.m */ = {isa = PBXFileReference; fileEncoding = 4; lastKnownFileType = sourcecode.c.objc; path = ZYNormalCell.m; sourceTree = "<group>"; };
		7187CFB91EB0AE5E001A8332 /* ZYMultiFitlerView.h */ = {isa = PBXFileReference; fileEncoding = 4; lastKnownFileType = sourcecode.c.h; path = ZYMultiFitlerView.h; sourceTree = "<group>"; };
		7187CFBA1EB0AE5E001A8332 /* ZYMultiFitlerView.m */ = {isa = PBXFileReference; fileEncoding = 4; lastKnownFileType = sourcecode.c.objc; path = ZYMultiFitlerView.m; sourceTree = "<group>"; };
		7187CFBC1EB0B04F001A8332 /* ZYMenuLeftCell.h */ = {isa = PBXFileReference; fileEncoding = 4; lastKnownFileType = sourcecode.c.h; path = ZYMenuLeftCell.h; sourceTree = "<group>"; };
		7187CFBD1EB0B04F001A8332 /* ZYMenuLeftCell.m */ = {isa = PBXFileReference; fileEncoding = 4; lastKnownFileType = sourcecode.c.objc; path = ZYMenuLeftCell.m; sourceTree = "<group>"; };
		71A187A01EB1C0B2001096BE /* ZYMenuHeaderView.h */ = {isa = PBXFileReference; fileEncoding = 4; lastKnownFileType = sourcecode.c.h; path = ZYMenuHeaderView.h; sourceTree = "<group>"; };
		71A187A11EB1C0B2001096BE /* ZYMenuHeaderView.m */ = {isa = PBXFileReference; fileEncoding = 4; lastKnownFileType = sourcecode.c.objc; path = ZYMenuHeaderView.m; sourceTree = "<group>"; };
		71A187A31EB1C512001096BE /* ZYCombinationCell.h */ = {isa = PBXFileReference; fileEncoding = 4; lastKnownFileType = sourcecode.c.h; path = ZYCombinationCell.h; sourceTree = "<group>"; };
		71A187A41EB1C512001096BE /* ZYCombinationCell.m */ = {isa = PBXFileReference; fileEncoding = 4; lastKnownFileType = sourcecode.c.objc; path = ZYCombinationCell.m; sourceTree = "<group>"; };
/* End PBXFileReference section */

/* Begin PBXFrameworksBuildPhase section */
		711865471EAEDA2800A555E4 /* Frameworks */ = {
			isa = PBXFrameworksBuildPhase;
			buildActionMask = 2147483647;
			files = (
			);
			runOnlyForDeploymentPostprocessing = 0;
		};
/* End PBXFrameworksBuildPhase section */

/* Begin PBXGroup section */
		711865411EAEDA2800A555E4 = {
			isa = PBXGroup;
			children = (
				7118654C1EAEDA2800A555E4 /* ZYMenuBox */,
				7118654B1EAEDA2800A555E4 /* Products */,
			);
			sourceTree = "<group>";
		};
		7118654B1EAEDA2800A555E4 /* Products */ = {
			isa = PBXGroup;
			children = (
				7118654A1EAEDA2800A555E4 /* ZYMenuBox.app */,
			);
			name = Products;
			sourceTree = "<group>";
		};
		7118654C1EAEDA2800A555E4 /* ZYMenuBox */ = {
			isa = PBXGroup;
			children = (
				715E7E271EB3100C00A5E247 /* ZYMenuResultBox */,
				711865641EAEDA4100A555E4 /* ZYMenuBox */,
				711865501EAEDA2800A555E4 /* AppDelegate.h */,
				711865511EAEDA2800A555E4 /* AppDelegate.m */,
				711865531EAEDA2800A555E4 /* ViewController.h */,
				711865541EAEDA2800A555E4 /* ViewController.m */,
				711865561EAEDA2800A555E4 /* Main.storyboard */,
				711865591EAEDA2800A555E4 /* Assets.xcassets */,
				7118655B1EAEDA2800A555E4 /* LaunchScreen.storyboard */,
				7118655E1EAEDA2800A555E4 /* Info.plist */,
				7118654D1EAEDA2800A555E4 /* Supporting Files */,
			);
			path = ZYMenuBox;
			sourceTree = "<group>";
		};
		7118654D1EAEDA2800A555E4 /* Supporting Files */ = {
			isa = PBXGroup;
			children = (
				7118654E1EAEDA2800A555E4 /* main.m */,
			);
			name = "Supporting Files";
			sourceTree = "<group>";
		};
		711865641EAEDA4100A555E4 /* ZYMenuBox */ = {
			isa = PBXGroup;
			children = (
				716B265C1EB050A8003D3B8D /* DataSource */,
				711865DA1EAF3D4000A555E4 /* Model */,
				711865D01EAF12B600A555E4 /* ZYMenuCategory */,
				711865761EAEF31A00A555E4 /* Image */,
				7118656B1EAEE26E00A555E4 /* ZYMenuView */,
				711865681EAEDB5D00A555E4 /* ZYMenuHeader */,
			);
			path = ZYMenuBox;
			sourceTree = "<group>";
		};
		711865681EAEDB5D00A555E4 /* ZYMenuHeader */ = {
			isa = PBXGroup;
			children = (
				711865691EAEDB7C00A555E4 /* ZYMenuHeader.h */,
				7118656A1EAEDB8D00A555E4 /* ZYMenuBox.h */,
			);
			path = ZYMenuHeader;
			sourceTree = "<group>";
		};
		7118656B1EAEE26E00A555E4 /* ZYMenuView */ = {
			isa = PBXGroup;
			children = (
				711866011EAF601B00A555E4 /* PopupView */,
				711865FA1EAF601300A555E4 /* TitleView */,
			);
			path = ZYMenuView;
			sourceTree = "<group>";
		};
		711865761EAEF31A00A555E4 /* Image */ = {
			isa = PBXGroup;
			children = (
				711865C81EAEFF2700A555E4 /* pulldown@2x.png */,
				711865C91EAEFF2700A555E4 /* pulldown@3x.png */,
				711865CA1EAEFF2700A555E4 /* pullup@2x.png */,
				711865CB1EAEFF2700A555E4 /* pullup@3x.png */,
			);
			path = Image;
			sourceTree = "<group>";
		};
		711865D01EAF12B600A555E4 /* ZYMenuCategory */ = {
			isa = PBXGroup;
			children = (
				711865D11EAF12FC00A555E4 /* UIColor+ZYMenuExtension.h */,
				711865D21EAF12FC00A555E4 /* UIColor+ZYMenuExtension.m */,
				711865D41EAF133800A555E4 /* UIView+ZYMenuExtension.h */,
				711865D51EAF133800A555E4 /* UIView+ZYMenuExtension.m */,
			);
			path = ZYMenuCategory;
			sourceTree = "<group>";
		};
		711865DA1EAF3D4000A555E4 /* Model */ = {
			isa = PBXGroup;
			children = (
				711865F11EAF50DC00A555E4 /* ZYSelectedPath */,
				711865E21EAF3DFB00A555E4 /* ZYCombinationItem */,
				711865E31EAF3DFB00A555E4 /* ZYMultFitlerItem */,
				711865E41EAF3DFB00A555E4 /* ZYSingleFitlerItem */,
				711865DB1EAF3D9800A555E4 /* ZYBaseItem */,
			);
			path = Model;
			sourceTree = "<group>";
		};
		711865DB1EAF3D9800A555E4 /* ZYBaseItem */ = {
			isa = PBXGroup;
			children = (
				711865DC1EAF3D9800A555E4 /* ZYItem.h */,
				711865DD1EAF3D9800A555E4 /* ZYItem.m */,
			);
			path = ZYBaseItem;
			sourceTree = "<group>";
		};
		711865E21EAF3DFB00A555E4 /* ZYCombinationItem */ = {
			isa = PBXGroup;
			children = (
				711865E51EAF4CC300A555E4 /* ZYLayout.h */,
				711865E61EAF4CC300A555E4 /* ZYLayout.m */,
				711865E81EAF4D7F00A555E4 /* ZYAlternativeItem.h */,
				711865E91EAF4D7F00A555E4 /* ZYAlternativeItem.m */,
				711865EE1EAF4E2D00A555E4 /* ZYCombinationItem.h */,
				711865EF1EAF4E2D00A555E4 /* ZYCombinationItem.m */,
			);
			path = ZYCombinationItem;
			sourceTree = "<group>";
		};
		711865E31EAF3DFB00A555E4 /* ZYMultFitlerItem */ = {
			isa = PBXGroup;
			children = (
				716B26541EB02BDF003D3B8D /* ZYMultiItem.h */,
				716B26551EB02BDF003D3B8D /* ZYMultiItem.m */,
			);
			path = ZYMultFitlerItem;
			sourceTree = "<group>";
		};
		711865E41EAF3DFB00A555E4 /* ZYSingleFitlerItem */ = {
			isa = PBXGroup;
			children = (
				711865F51EAF51E200A555E4 /* ZYSingleItem.h */,
				711865F61EAF51E200A555E4 /* ZYSingleItem.m */,
			);
			path = ZYSingleFitlerItem;
			sourceTree = "<group>";
		};
		711865F11EAF50DC00A555E4 /* ZYSelectedPath */ = {
			isa = PBXGroup;
			children = (
				711865F21EAF50EE00A555E4 /* ZYSelectedPath.h */,
				711865F31EAF50EE00A555E4 /* ZYSelectedPath.m */,
			);
			path = ZYSelectedPath;
			sourceTree = "<group>";
		};
		711865FA1EAF601300A555E4 /* TitleView */ = {
			isa = PBXGroup;
			children = (
				711865FB1EAF601300A555E4 /* ZYDropDownView.h */,
				711865FC1EAF601300A555E4 /* ZYDropDownView.m */,
				711865FD1EAF601300A555E4 /* ZYMenuView.h */,
				711865FE1EAF601300A555E4 /* ZYMenuView.m */,
			);
			path = TitleView;
			sourceTree = "<group>";
		};
		711866011EAF601B00A555E4 /* PopupView */ = {
			isa = PBXGroup;
			children = (
				711866021EAF606C00A555E4 /* BasePopupView */,
				711866031EAF606C00A555E4 /* CombinationFilerView */,
				711866041EAF606C00A555E4 /* MultFitlerView */,
				711866051EAF606C00A555E4 /* SingleFilterView */,
			);
			path = PopupView;
			sourceTree = "<group>";
		};
		711866021EAF606C00A555E4 /* BasePopupView */ = {
			isa = PBXGroup;
			children = (
				711866061EAF618500A555E4 /* ZYBasePopupView.h */,
				711866071EAF618500A555E4 /* ZYBasePopupView.m */,
			);
			path = BasePopupView;
			sourceTree = "<group>";
		};
		711866031EAF606C00A555E4 /* CombinationFilerView */ = {
			isa = PBXGroup;
			children = (
				7118660F1EAF63E700A555E4 /* ZYCombinationFitlerView.h */,
				711866101EAF63E700A555E4 /* ZYCombinationFitlerView.m */,
				71A187A01EB1C0B2001096BE /* ZYMenuHeaderView.h */,
				71A187A11EB1C0B2001096BE /* ZYMenuHeaderView.m */,
				71A187A31EB1C512001096BE /* ZYCombinationCell.h */,
				71A187A41EB1C512001096BE /* ZYCombinationCell.m */,
				716559DB1EB2D01700A1DCCE /* ZYCombTextFieldCell.h */,
				716559DC1EB2D01700A1DCCE /* ZYCombTextFieldCell.m */,
			);
			path = CombinationFilerView;
			sourceTree = "<group>";
		};
		711866041EAF606C00A555E4 /* MultFitlerView */ = {
			isa = PBXGroup;
			children = (
				7187CFB41EB0A94F001A8332 /* ZYNormalCell.h */,
				7187CFB51EB0A94F001A8332 /* ZYNormalCell.m */,
				7187CFB91EB0AE5E001A8332 /* ZYMultiFitlerView.h */,
				7187CFBA1EB0AE5E001A8332 /* ZYMultiFitlerView.m */,
				7187CFBC1EB0B04F001A8332 /* ZYMenuLeftCell.h */,
				7187CFBD1EB0B04F001A8332 /* ZYMenuLeftCell.m */,
			);
			path = MultFitlerView;
			sourceTree = "<group>";
		};
		711866051EAF606C00A555E4 /* SingleFilterView */ = {
			isa = PBXGroup;
			children = (
				711866091EAF63B800A555E4 /* ZYSingleFitlerView.h */,
				7118660A1EAF63B800A555E4 /* ZYSingleFitlerView.m */,
			);
			path = SingleFilterView;
			sourceTree = "<group>";
		};
		715E7E271EB3100C00A5E247 /* ZYMenuResultBox */ = {
			isa = PBXGroup;
			children = (
				715E7E281EB3101D00A5E247 /* View */,
			);
			path = ZYMenuResultBox;
			sourceTree = "<group>";
		};
		715E7E281EB3101D00A5E247 /* View */ = {
			isa = PBXGroup;
			children = (
				715E7E291EB310E100A5E247 /* ZYMenuResultView.h */,
				715E7E2A1EB310E100A5E247 /* ZYMenuResultView.m */,
			);
			path = View;
			sourceTree = "<group>";
		};
		716B265C1EB050A8003D3B8D /* DataSource */ = {
			isa = PBXGroup;
			children = (
				7140808D1EB08B3E00080F73 /* area.plist */,
				7140808E1EB08B3E00080F73 /* city.plist */,
				716B26601EB050CE003D3B8D /* ZYMenuDataSouce.h */,
				716B26611EB050CE003D3B8D /* ZYMenuDataSouce.m */,
			);
			path = DataSource;
			sourceTree = "<group>";
		};
/* End PBXGroup section */

/* Begin PBXNativeTarget section */
		711865491EAEDA2800A555E4 /* ZYMenuBox */ = {
			isa = PBXNativeTarget;
			buildConfigurationList = 711865611EAEDA2800A555E4 /* Build configuration list for PBXNativeTarget "ZYMenuBox" */;
			buildPhases = (
				711865461EAEDA2800A555E4 /* Sources */,
				711865471EAEDA2800A555E4 /* Frameworks */,
				711865481EAEDA2800A555E4 /* Resources */,
			);
			buildRules = (
			);
			dependencies = (
			);
			name = ZYMenuBox;
			productName = ZYMenuBox;
			productReference = 7118654A1EAEDA2800A555E4 /* ZYMenuBox.app */;
			productType = "com.apple.product-type.application";
		};
/* End PBXNativeTarget section */

/* Begin PBXProject section */
		711865421EAEDA2800A555E4 /* Project object */ = {
			isa = PBXProject;
			attributes = {
				LastUpgradeCheck = 0830;
				ORGANIZATIONNAME = centanet;
				TargetAttributes = {
					711865491EAEDA2800A555E4 = {
						CreatedOnToolsVersion = 8.3.1;
						DevelopmentTeam = Y2TKYWJ5ZW;
						ProvisioningStyle = Automatic;
					};
				};
			};
			buildConfigurationList = 711865451EAEDA2800A555E4 /* Build configuration list for PBXProject "ZYMenuBox" */;
			compatibilityVersion = "Xcode 3.2";
			developmentRegion = English;
			hasScannedForEncodings = 0;
			knownRegions = (
				en,
				Base,
			);
			mainGroup = 711865411EAEDA2800A555E4;
			productRefGroup = 7118654B1EAEDA2800A555E4 /* Products */;
			projectDirPath = "";
			projectRoot = "";
			targets = (
				711865491EAEDA2800A555E4 /* ZYMenuBox */,
			);
		};
/* End PBXProject section */

/* Begin PBXResourcesBuildPhase section */
		711865481EAEDA2800A555E4 /* Resources */ = {
			isa = PBXResourcesBuildPhase;
			buildActionMask = 2147483647;
			files = (
				711865CE1EAEFF2700A555E4 /* pullup@2x.png in Resources */,
				711865CF1EAEFF2700A555E4 /* pullup@3x.png in Resources */,
				7118655D1EAEDA2800A555E4 /* LaunchScreen.storyboard in Resources */,
				714080901EB08B3E00080F73 /* city.plist in Resources */,
				711865CC1EAEFF2700A555E4 /* pulldown@2x.png in Resources */,
				711865CD1EAEFF2700A555E4 /* pulldown@3x.png in Resources */,
				7140808F1EB08B3E00080F73 /* area.plist in Resources */,
				7118655A1EAEDA2800A555E4 /* Assets.xcassets in Resources */,
				711865581EAEDA2800A555E4 /* Main.storyboard in Resources */,
			);
			runOnlyForDeploymentPostprocessing = 0;
		};
/* End PBXResourcesBuildPhase section */

/* Begin PBXSourcesBuildPhase section */
		711865461EAEDA2800A555E4 /* Sources */ = {
			isa = PBXSourcesBuildPhase;
			buildActionMask = 2147483647;
			files = (
				711865551EAEDA2800A555E4 /* ViewController.m in Sources */,
				711866001EAF601300A555E4 /* ZYMenuView.m in Sources */,
				7118660B1EAF63B800A555E4 /* ZYSingleFitlerView.m in Sources */,
				711865521EAEDA2800A555E4 /* AppDelegate.m in Sources */,
				7187CFB81EB0A94F001A8332 /* ZYNormalCell.m in Sources */,
				7187CFBB1EB0AE5E001A8332 /* ZYMultiFitlerView.m in Sources */,
				711865E71EAF4CC300A555E4 /* ZYLayout.m in Sources */,
				7118654F1EAEDA2800A555E4 /* main.m in Sources */,
				711866081EAF618500A555E4 /* ZYBasePopupView.m in Sources */,
				711865D61EAF133800A555E4 /* UIView+ZYMenuExtension.m in Sources */,
				7187CFBE1EB0B04F001A8332 /* ZYMenuLeftCell.m in Sources */,
				711865F71EAF51E200A555E4 /* ZYSingleItem.m in Sources */,
				716B26561EB02BDF003D3B8D /* ZYMultiItem.m in Sources */,
				711866111EAF63E700A555E4 /* ZYCombinationFitlerView.m in Sources */,
				711865F01EAF4E2D00A555E4 /* ZYCombinationItem.m in Sources */,
				711865EA1EAF4D7F00A555E4 /* ZYAlternativeItem.m in Sources */,
				711865E01EAF3D9800A555E4 /* ZYItem.m in Sources */,
				71A187A51EB1C512001096BE /* ZYCombinationCell.m in Sources */,
				711865D31EAF12FC00A555E4 /* UIColor+ZYMenuExtension.m in Sources */,
				716B26621EB050CE003D3B8D /* ZYMenuDataSouce.m in Sources */,
				71A187A21EB1C0B2001096BE /* ZYMenuHeaderView.m in Sources */,
				716559DD1EB2D01700A1DCCE /* ZYCombTextFieldCell.m in Sources */,
				711865FF1EAF601300A555E4 /* ZYDropDownView.m in Sources */,
				711865F41EAF50EE00A555E4 /* ZYSelectedPath.m in Sources */,
				715E7E2B1EB310E100A5E247 /* ZYMenuResultView.m in Sources */,
			);
			runOnlyForDeploymentPostprocessing = 0;
		};
/* End PBXSourcesBuildPhase section */

/* Begin PBXVariantGroup section */
		711865561EAEDA2800A555E4 /* Main.storyboard */ = {
			isa = PBXVariantGroup;
			children = (
				711865571EAEDA2800A555E4 /* Base */,
			);
			name = Main.storyboard;
			sourceTree = "<group>";
		};
		7118655B1EAEDA2800A555E4 /* LaunchScreen.storyboard */ = {
			isa = PBXVariantGroup;
			children = (
				7118655C1EAEDA2800A555E4 /* Base */,
			);
			name = LaunchScreen.storyboard;
			sourceTree = "<group>";
		};
/* End PBXVariantGroup section */

/* Begin XCBuildConfiguration section */
		7118655F1EAEDA2800A555E4 /* Debug */ = {
			isa = XCBuildConfiguration;
			buildSettings = {
				ALWAYS_SEARCH_USER_PATHS = NO;
				CLANG_ANALYZER_NONNULL = YES;
				CLANG_ANALYZER_NUMBER_OBJECT_CONVERSION = YES_AGGRESSIVE;
				CLANG_CXX_LANGUAGE_STANDARD = "gnu++0x";
				CLANG_CXX_LIBRARY = "libc++";
				CLANG_ENABLE_MODULES = YES;
				CLANG_ENABLE_OBJC_ARC = YES;
				CLANG_WARN_BOOL_CONVERSION = YES;
				CLANG_WARN_CONSTANT_CONVERSION = YES;
				CLANG_WARN_DIRECT_OBJC_ISA_USAGE = YES_ERROR;
				CLANG_WARN_DOCUMENTATION_COMMENTS = YES;
				CLANG_WARN_EMPTY_BODY = YES;
				CLANG_WARN_ENUM_CONVERSION = YES;
				CLANG_WARN_INFINITE_RECURSION = YES;
				CLANG_WARN_INT_CONVERSION = YES;
				CLANG_WARN_OBJC_ROOT_CLASS = YES_ERROR;
				CLANG_WARN_SUSPICIOUS_MOVE = YES;
				CLANG_WARN_UNREACHABLE_CODE = YES;
				CLANG_WARN__DUPLICATE_METHOD_MATCH = YES;
				"CODE_SIGN_IDENTITY[sdk=iphoneos*]" = "iPhone Developer";
				COPY_PHASE_STRIP = NO;
				DEBUG_INFORMATION_FORMAT = dwarf;
				ENABLE_STRICT_OBJC_MSGSEND = YES;
				ENABLE_TESTABILITY = YES;
				GCC_C_LANGUAGE_STANDARD = gnu99;
				GCC_DYNAMIC_NO_PIC = NO;
				GCC_NO_COMMON_BLOCKS = YES;
				GCC_OPTIMIZATION_LEVEL = 0;
				GCC_PREPROCESSOR_DEFINITIONS = (
					"DEBUG=1",
					"$(inherited)",
				);
				GCC_WARN_64_TO_32_BIT_CONVERSION = YES;
				GCC_WARN_ABOUT_RETURN_TYPE = YES_ERROR;
				GCC_WARN_UNDECLARED_SELECTOR = YES;
				GCC_WARN_UNINITIALIZED_AUTOS = YES_AGGRESSIVE;
				GCC_WARN_UNUSED_FUNCTION = YES;
				GCC_WARN_UNUSED_VARIABLE = YES;
				IPHONEOS_DEPLOYMENT_TARGET = 10.3;
				MTL_ENABLE_DEBUG_INFO = YES;
				ONLY_ACTIVE_ARCH = YES;
				SDKROOT = iphoneos;
			};
			name = Debug;
		};
		711865601EAEDA2800A555E4 /* Release */ = {
			isa = XCBuildConfiguration;
			buildSettings = {
				ALWAYS_SEARCH_USER_PATHS = NO;
				CLANG_ANALYZER_NONNULL = YES;
				CLANG_ANALYZER_NUMBER_OBJECT_CONVERSION = YES_AGGRESSIVE;
				CLANG_CXX_LANGUAGE_STANDARD = "gnu++0x";
				CLANG_CXX_LIBRARY = "libc++";
				CLANG_ENABLE_MODULES = YES;
				CLANG_ENABLE_OBJC_ARC = YES;
				CLANG_WARN_BOOL_CONVERSION = YES;
				CLANG_WARN_CONSTANT_CONVERSION = YES;
				CLANG_WARN_DIRECT_OBJC_ISA_USAGE = YES_ERROR;
				CLANG_WARN_DOCUMENTATION_COMMENTS = YES;
				CLANG_WARN_EMPTY_BODY = YES;
				CLANG_WARN_ENUM_CONVERSION = YES;
				CLANG_WARN_INFINITE_RECURSION = YES;
				CLANG_WARN_INT_CONVERSION = YES;
				CLANG_WARN_OBJC_ROOT_CLASS = YES_ERROR;
				CLANG_WARN_SUSPICIOUS_MOVE = YES;
				CLANG_WARN_UNREACHABLE_CODE = YES;
				CLANG_WARN__DUPLICATE_METHOD_MATCH = YES;
				"CODE_SIGN_IDENTITY[sdk=iphoneos*]" = "iPhone Developer";
				COPY_PHASE_STRIP = NO;
				DEBUG_INFORMATION_FORMAT = "dwarf-with-dsym";
				ENABLE_NS_ASSERTIONS = NO;
				ENABLE_STRICT_OBJC_MSGSEND = YES;
				GCC_C_LANGUAGE_STANDARD = gnu99;
				GCC_NO_COMMON_BLOCKS = YES;
				GCC_WARN_64_TO_32_BIT_CONVERSION = YES;
				GCC_WARN_ABOUT_RETURN_TYPE = YES_ERROR;
				GCC_WARN_UNDECLARED_SELECTOR = YES;
				GCC_WARN_UNINITIALIZED_AUTOS = YES_AGGRESSIVE;
				GCC_WARN_UNUSED_FUNCTION = YES;
				GCC_WARN_UNUSED_VARIABLE = YES;
				IPHONEOS_DEPLOYMENT_TARGET = 10.3;
				MTL_ENABLE_DEBUG_INFO = NO;
				SDKROOT = iphoneos;
				VALIDATE_PRODUCT = YES;
			};
			name = Release;
		};
		711865621EAEDA2800A555E4 /* Debug */ = {
			isa = XCBuildConfiguration;
			buildSettings = {
				ASSETCATALOG_COMPILER_APPICON_NAME = AppIcon;
				DEVELOPMENT_TEAM = Y2TKYWJ5ZW;
				INFOPLIST_FILE = ZYMenuBox/Info.plist;
				LD_RUNPATH_SEARCH_PATHS = "$(inherited) @executable_path/Frameworks";
				LIBRARY_SEARCH_PATHS = "";
				PRODUCT_BUNDLE_IDENTIFIER = com.ZYMenuBox;
				PRODUCT_NAME = "$(TARGET_NAME)";
			};
			name = Debug;
		};
		711865631EAEDA2800A555E4 /* Release */ = {
			isa = XCBuildConfiguration;
			buildSettings = {
				ASSETCATALOG_COMPILER_APPICON_NAME = AppIcon;
				DEVELOPMENT_TEAM = Y2TKYWJ5ZW;
				INFOPLIST_FILE = ZYMenuBox/Info.plist;
				LD_RUNPATH_SEARCH_PATHS = "$(inherited) @executable_path/Frameworks";
				LIBRARY_SEARCH_PATHS = "";
				PRODUCT_BUNDLE_IDENTIFIER = com.ZYMenuBox;
				PRODUCT_NAME = "$(TARGET_NAME)";
			};
			name = Release;
		};
/* End XCBuildConfiguration section */

/* Begin XCConfigurationList section */
		711865451EAEDA2800A555E4 /* Build configuration list for PBXProject "ZYMenuBox" */ = {
			isa = XCConfigurationList;
			buildConfigurations = (
				7118655F1EAEDA2800A555E4 /* Debug */,
				711865601EAEDA2800A555E4 /* Release */,
			);
			defaultConfigurationIsVisible = 0;
			defaultConfigurationName = Release;
		};
		711865611EAEDA2800A555E4 /* Build configuration list for PBXNativeTarget "ZYMenuBox" */ = {
			isa = XCConfigurationList;
			buildConfigurations = (
				711865621EAEDA2800A555E4 /* Debug */,
				711865631EAEDA2800A555E4 /* Release */,
			);
			defaultConfigurationIsVisible = 0;
			defaultConfigurationName = Release;
		};
/* End XCConfigurationList section */
	};
	rootObject = 711865421EAEDA2800A555E4 /* Project object */;
}
